
Microsoft Visual Studio Solution File, Format Version 12.00
# Visual Studio Version 17
VisualStudioVersion = 17.9.34622.214
MinimumVisualStudioVersion = 10.0.40219.1
Project("{FAE04EC0-301F-11D3-BF4B-00C04F79EFBC}") = "AndreeascookingApp1", "AndreeascookingApp1\AndreeascookingApp1.csproj", "{07D6BE4E-C933-4783-AC3D-90953CA1DEF3}"
EndProject
Global
	GlobalSection(SolutionConfigurationPlatforms) = preSolution
		Debug|Any CPU = Debug|Any CPU
		Release|Any CPU = Release|Any CPU
	EndGlobalSection
	GlobalSection(ProjectConfigurationPlatforms) = postSolution
		{07D6BE4E-C933-4783-AC3D-90953CA1DEF3}.Debug|Any CPU.ActiveCfg = Debug|Any CPU
		{07D6BE4E-C933-4783-AC3D-90953CA1DEF3}.Debug|Any CPU.Build.0 = Debug|Any CPU
		{07D6BE4E-C933-4783-AC3D-90953CA1DEF3}.Release|Any CPU.ActiveCfg = Release|Any CPU
		{07D6BE4E-C933-4783-AC3D-90953CA1DEF3}.Release|Any CPU.Build.0 = Release|Any CPU
	EndGlobalSection
	GlobalSection(SolutionProperties) = preSolution
		HideSolutionNode = FALSE
	EndGlobalSection
	GlobalSection(ExtensibilityGlobals) = postSolution
		SolutionGuid = {83531B68-52D8-4F9B-85B2-E002F1023DB4}
	EndGlobalSection
EndGlobal
